
Microsoft Visual Studio Solution File, Format Version 12.00
# Visual Studio 15
VisualStudioVersion = 15.0.28307.1022
MinimumVisualStudioVersion = 10.0.40219.1
Project("{FAE04EC0-301F-11D3-BF4B-00C04F79EFBC}") = "proiect", "proiect\proiect.csproj", "{B2493B58-C330-4FD4-9D2A-96F921B5A1B0}"
EndProject
Global
	GlobalSection(SolutionConfigurationPlatforms) = preSolution
		Debug|Any CPU = Debug|Any CPU
		Release|Any CPU = Release|Any CPU
	EndGlobalSection
	GlobalSection(ProjectConfigurationPlatforms) = postSolution
		{B2493B58-C330-4FD4-9D2A-96F921B5A1B0}.Debug|Any CPU.ActiveCfg = Debug|Any CPU
		{B2493B58-C330-4FD4-9D2A-96F921B5A1B0}.Debug|Any CPU.Build.0 = Debug|Any CPU
		{B2493B58-C330-4FD4-9D2A-96F921B5A1B0}.Release|Any CPU.ActiveCfg = Release|Any CPU
		{B2493B58-C330-4FD4-9D2A-96F921B5A1B0}.Release|Any CPU.Build.0 = Release|Any CPU
	EndGlobalSection
	GlobalSection(SolutionProperties) = preSolution
		HideSolutionNode = FALSE
	EndGlobalSection
	GlobalSection(ExtensibilityGlobals) = postSolution
		SolutionGuid = {F7323EEE-F4E1-41D9-9BFA-FD980BAFA2CE}
	EndGlobalSection
EndGlobal
